// !$*UTF8*$!
{
	archiveVersion = 1;
	classes = {
	};
	objectVersion = 46;
	objects = {

/* Begin PBXBuildFile section */
		991EC53C1E6C85440011494B /* CounterButton.swift in Sources */ = {isa = PBXBuildFile; fileRef = 991EC53B1E6C85440011494B /* CounterButton.swift */; };
		99285FAE1EA0C56C0020DF90 /* Podfile in Resources */ = {isa = PBXBuildFile; fileRef = 99285FAD1EA0C56C0020DF90 /* Podfile */; };
		99285FB01EA0CC260020DF90 /* Color.swift in Sources */ = {isa = PBXBuildFile; fileRef = 99285FAF1EA0CC260020DF90 /* Color.swift */; };
		995059921EA14385005C166A /* CounterList.swift in Sources */ = {isa = PBXBuildFile; fileRef = 995059911EA14385005C166A /* CounterList.swift */; };
		99716C291E647B7F0016FEA6 /* Counter.swift in Sources */ = {isa = PBXBuildFile; fileRef = 99716C281E647B7F0016FEA6 /* Counter.swift */; };
		99716C2B1E647D2F0016FEA6 /* EditViewController.swift in Sources */ = {isa = PBXBuildFile; fileRef = 99716C2A1E647D2F0016FEA6 /* EditViewController.swift */; };
		9999312B1E7FD768004D491F /* Localizable.strings in Resources */ = {isa = PBXBuildFile; fileRef = 9999312D1E7FD768004D491F /* Localizable.strings */; };
		9999313C1E7FDAF0004D491F /* intro-alt.png in Resources */ = {isa = PBXBuildFile; fileRef = 9999313E1E7FDAF0004D491F /* intro-alt.png */; };
		999931401E7FDAF6004D491F /* intro.png in Resources */ = {isa = PBXBuildFile; fileRef = 999931421E7FDAF6004D491F /* intro.png */; };
		999931441E7FDAFB004D491F /* intro-1.png in Resources */ = {isa = PBXBuildFile; fileRef = 999931461E7FDAFB004D491F /* intro-1.png */; };
		99C2F19B1E6A3E4D001A9946 /* GradientView.swift in Sources */ = {isa = PBXBuildFile; fileRef = 99C2F19A1E6A3E4D001A9946 /* GradientView.swift */; };
		99C89FD71E604713006D4398 /* AppDelegate.swift in Sources */ = {isa = PBXBuildFile; fileRef = 99C89FD61E604713006D4398 /* AppDelegate.swift */; };
		99C89FD91E604713006D4398 /* MasterViewController.swift in Sources */ = {isa = PBXBuildFile; fileRef = 99C89FD81E604713006D4398 /* MasterViewController.swift */; };
		99C89FDB1E604713006D4398 /* DetailViewController.swift in Sources */ = {isa = PBXBuildFile; fileRef = 99C89FDA1E604713006D4398 /* DetailViewController.swift */; };
		99C89FDE1E604713006D4398 /* Main.storyboard in Resources */ = {isa = PBXBuildFile; fileRef = 99C89FDC1E604713006D4398 /* Main.storyboard */; };
		99C89FE01E604713006D4398 /* Assets.xcassets in Resources */ = {isa = PBXBuildFile; fileRef = 99C89FDF1E604713006D4398 /* Assets.xcassets */; };
		99C89FE31E604713006D4398 /* LaunchScreen.storyboard in Resources */ = {isa = PBXBuildFile; fileRef = 99C89FE11E604713006D4398 /* LaunchScreen.storyboard */; };
		99CE2C341E65F12900723BDA /* CounterTableViewCell.swift in Sources */ = {isa = PBXBuildFile; fileRef = 99CE2C331E65F12900723BDA /* CounterTableViewCell.swift */; };
		99D0041A1E6DB8BC00AD9321 /* UIColor.swift in Sources */ = {isa = PBXBuildFile; fileRef = 99D004191E6DB8BC00AD9321 /* UIColor.swift */; };
		C2C6BCF41E69BA18005C4AB3 /* Gradient.swift in Sources */ = {isa = PBXBuildFile; fileRef = C2C6BCF31E69BA18005C4AB3 /* Gradient.swift */; };
		C2C6BCF61E69BAB4005C4AB3 /* ColorPickerTableViewController.swift in Sources */ = {isa = PBXBuildFile; fileRef = C2C6BCF51E69BAB4005C4AB3 /* ColorPickerTableViewController.swift */; };
		C2C6BCF81E69BEAA005C4AB3 /* ColorTableViewCell.swift in Sources */ = {isa = PBXBuildFile; fileRef = C2C6BCF71E69BEAA005C4AB3 /* ColorTableViewCell.swift */; };
		CF20E2422BCE297CCD4A4783 /* Pods_Count_.framework in Frameworks */ = {isa = PBXBuildFile; fileRef = DAFDE63BE5A80BBD5A87A8B7 /* Pods_Count_.framework */; };
/* End PBXBuildFile section */

/* Begin PBXFileReference section */
		30E13D8819DA0ECFA2AAB8F2 /* Pods-Count!.debug.xcconfig */ = {isa = PBXFileReference; includeInIndex = 1; lastKnownFileType = text.xcconfig; name = "Pods-Count!.debug.xcconfig"; path = "Pods/Target Support Files/Pods-Count!/Pods-Count!.debug.xcconfig"; sourceTree = "<group>"; };
		991EC53B1E6C85440011494B /* CounterButton.swift */ = {isa = PBXFileReference; fileEncoding = 4; lastKnownFileType = sourcecode.swift; path = CounterButton.swift; sourceTree = "<group>"; };
		99285FAD1EA0C56C0020DF90 /* Podfile */ = {isa = PBXFileReference; fileEncoding = 4; lastKnownFileType = text; path = Podfile; sourceTree = "<group>"; xcLanguageSpecificationIdentifier = xcode.lang.ruby; };
		99285FAF1EA0CC260020DF90 /* Color.swift */ = {isa = PBXFileReference; fileEncoding = 4; lastKnownFileType = sourcecode.swift; path = Color.swift; sourceTree = "<group>"; };
		995059911EA14385005C166A /* CounterList.swift */ = {isa = PBXFileReference; fileEncoding = 4; lastKnownFileType = sourcecode.swift; path = CounterList.swift; sourceTree = "<group>"; };
		99716C281E647B7F0016FEA6 /* Counter.swift */ = {isa = PBXFileReference; fileEncoding = 4; lastKnownFileType = sourcecode.swift; path = Counter.swift; sourceTree = "<group>"; };
		99716C2A1E647D2F0016FEA6 /* EditViewController.swift */ = {isa = PBXFileReference; fileEncoding = 4; lastKnownFileType = sourcecode.swift; path = EditViewController.swift; sourceTree = "<group>"; };
		999931251E7FD2B8004D491F /* de */ = {isa = PBXFileReference; lastKnownFileType = text.plist.strings; name = de; path = de.lproj/Main.strings; sourceTree = "<group>"; };
		999931261E7FD2B8004D491F /* de */ = {isa = PBXFileReference; lastKnownFileType = text.plist.strings; name = de; path = de.lproj/LaunchScreen.strings; sourceTree = "<group>"; };
		9999312C1E7FD768004D491F /* de */ = {isa = PBXFileReference; lastKnownFileType = text.plist.strings; name = de; path = de.lproj/Localizable.strings; sourceTree = "<group>"; };
		9999312E1E7FD770004D491F /* Base */ = {isa = PBXFileReference; lastKnownFileType = text.plist.strings; name = Base; path = Base.lproj/Localizable.strings; sourceTree = "<group>"; };
		9999313D1E7FDAF0004D491F /* de */ = {isa = PBXFileReference; lastKnownFileType = image.png; name = de; path = "de.lproj/intro-alt.png"; sourceTree = "<group>"; };
		9999313F1E7FDAF2004D491F /* Base */ = {isa = PBXFileReference; lastKnownFileType = image.png; name = Base; path = "Base.lproj/intro-alt.png"; sourceTree = "<group>"; };
		999931411E7FDAF6004D491F /* Base */ = {isa = PBXFileReference; lastKnownFileType = image.png; name = Base; path = Base.lproj/intro.png; sourceTree = "<group>"; };
		999931431E7FDAF8004D491F /* de */ = {isa = PBXFileReference; lastKnownFileType = image.png; name = de; path = de.lproj/intro.png; sourceTree = "<group>"; };
		999931451E7FDAFB004D491F /* Base */ = {isa = PBXFileReference; lastKnownFileType = image.png; name = Base; path = "Base.lproj/intro-1.png"; sourceTree = "<group>"; };
		999931471E7FDAFC004D491F /* de */ = {isa = PBXFileReference; lastKnownFileType = image.png; name = de; path = "de.lproj/intro-1.png"; sourceTree = "<group>"; };
		99C2F19A1E6A3E4D001A9946 /* GradientView.swift */ = {isa = PBXFileReference; fileEncoding = 4; lastKnownFileType = sourcecode.swift; path = GradientView.swift; sourceTree = "<group>"; };
		99C89FD31E604713006D4398 /* Count!.app */ = {isa = PBXFileReference; explicitFileType = wrapper.application; includeInIndex = 0; path = "Count!.app"; sourceTree = BUILT_PRODUCTS_DIR; };
		99C89FD61E604713006D4398 /* AppDelegate.swift */ = {isa = PBXFileReference; lastKnownFileType = sourcecode.swift; path = AppDelegate.swift; sourceTree = "<group>"; };
		99C89FD81E604713006D4398 /* MasterViewController.swift */ = {isa = PBXFileReference; lastKnownFileType = sourcecode.swift; path = MasterViewController.swift; sourceTree = "<group>"; };
		99C89FDA1E604713006D4398 /* DetailViewController.swift */ = {isa = PBXFileReference; lastKnownFileType = sourcecode.swift; path = DetailViewController.swift; sourceTree = "<group>"; };
		99C89FDD1E604713006D4398 /* Base */ = {isa = PBXFileReference; lastKnownFileType = file.storyboard; name = Base; path = Base.lproj/Main.storyboard; sourceTree = "<group>"; };
		99C89FDF1E604713006D4398 /* Assets.xcassets */ = {isa = PBXFileReference; lastKnownFileType = folder.assetcatalog; path = Assets.xcassets; sourceTree = "<group>"; };
		99C89FE21E604713006D4398 /* Base */ = {isa = PBXFileReference; lastKnownFileType = file.storyboard; name = Base; path = Base.lproj/LaunchScreen.storyboard; sourceTree = "<group>"; };
		99C89FE41E604713006D4398 /* Info.plist */ = {isa = PBXFileReference; lastKnownFileType = text.plist.xml; path = Info.plist; sourceTree = "<group>"; };
		99CE2C331E65F12900723BDA /* CounterTableViewCell.swift */ = {isa = PBXFileReference; fileEncoding = 4; lastKnownFileType = sourcecode.swift; path = CounterTableViewCell.swift; sourceTree = "<group>"; };
		99D004191E6DB8BC00AD9321 /* UIColor.swift */ = {isa = PBXFileReference; fileEncoding = 4; lastKnownFileType = sourcecode.swift; path = UIColor.swift; sourceTree = "<group>"; };
		9FAE013A3D7ECC59FA64F89E /* Pods-Count!.release.xcconfig */ = {isa = PBXFileReference; includeInIndex = 1; lastKnownFileType = text.xcconfig; name = "Pods-Count!.release.xcconfig"; path = "Pods/Target Support Files/Pods-Count!/Pods-Count!.release.xcconfig"; sourceTree = "<group>"; };
		C2C6BCF31E69BA18005C4AB3 /* Gradient.swift */ = {isa = PBXFileReference; fileEncoding = 4; lastKnownFileType = sourcecode.swift; path = Gradient.swift; sourceTree = "<group>"; };
		C2C6BCF51E69BAB4005C4AB3 /* ColorPickerTableViewController.swift */ = {isa = PBXFileReference; fileEncoding = 4; lastKnownFileType = sourcecode.swift; path = ColorPickerTableViewController.swift; sourceTree = "<group>"; };
		C2C6BCF71E69BEAA005C4AB3 /* ColorTableViewCell.swift */ = {isa = PBXFileReference; fileEncoding = 4; lastKnownFileType = sourcecode.swift; path = ColorTableViewCell.swift; sourceTree = "<group>"; };
		DAFDE63BE5A80BBD5A87A8B7 /* Pods_Count_.framework */ = {isa = PBXFileReference; explicitFileType = wrapper.framework; includeInIndex = 0; path = Pods_Count_.framework; sourceTree = BUILT_PRODUCTS_DIR; };
/* End PBXFileReference section */

/* Begin PBXFrameworksBuildPhase section */
		99C89FD01E604713006D4398 /* Frameworks */ = {
			isa = PBXFrameworksBuildPhase;
			buildActionMask = 2147483647;
			files = (
				CF20E2422BCE297CCD4A4783 /* Pods_Count_.framework in Frameworks */,
			);
			runOnlyForDeploymentPostprocessing = 0;
		};
/* End PBXFrameworksBuildPhase section */

/* Begin PBXGroup section */
		7F8E0E4431D92CE9B895BDAF /* Pods */ = {
			isa = PBXGroup;
			children = (
				30E13D8819DA0ECFA2AAB8F2 /* Pods-Count!.debug.xcconfig */,
				9FAE013A3D7ECC59FA64F89E /* Pods-Count!.release.xcconfig */,
			);
			name = Pods;
			sourceTree = "<group>";
		};
		87EF0D3831766B1F736B987D /* Frameworks */ = {
			isa = PBXGroup;
			children = (
				DAFDE63BE5A80BBD5A87A8B7 /* Pods_Count_.framework */,
			);
			name = Frameworks;
			sourceTree = "<group>";
		};
		991EC53A1E6C84640011494B /* Controls */ = {
			isa = PBXGroup;
			children = (
				991EC53B1E6C85440011494B /* CounterButton.swift */,
			);
			name = Controls;
			sourceTree = "<group>";
		};
		9999312F1E7FDA21004D491F /* Images */ = {
			isa = PBXGroup;
			children = (
				9999313E1E7FDAF0004D491F /* intro-alt.png */,
				999931421E7FDAF6004D491F /* intro.png */,
				999931461E7FDAFB004D491F /* intro-1.png */,
			);
			name = Images;
			sourceTree = "<group>";
		};
		99C2F19C1E6A40AF001A9946 /* Model */ = {
			isa = PBXGroup;
			children = (
				99716C281E647B7F0016FEA6 /* Counter.swift */,
				C2C6BCF31E69BA18005C4AB3 /* Gradient.swift */,
				99285FAF1EA0CC260020DF90 /* Color.swift */,
				995059911EA14385005C166A /* CounterList.swift */,
			);
			name = Model;
			sourceTree = "<group>";
		};
		99C2F19D1E6A40C9001A9946 /* Controller */ = {
			isa = PBXGroup;
			children = (
				99C89FD81E604713006D4398 /* MasterViewController.swift */,
				99C89FDA1E604713006D4398 /* DetailViewController.swift */,
				99716C2A1E647D2F0016FEA6 /* EditViewController.swift */,
				C2C6BCF51E69BAB4005C4AB3 /* ColorPickerTableViewController.swift */,
			);
			name = Controller;
			sourceTree = "<group>";
		};
		99C2F19E1E6A40DD001A9946 /* View */ = {
			isa = PBXGroup;
			children = (
				99CE2C331E65F12900723BDA /* CounterTableViewCell.swift */,
				C2C6BCF71E69BEAA005C4AB3 /* ColorTableViewCell.swift */,
				99C2F19A1E6A3E4D001A9946 /* GradientView.swift */,
			);
			name = View;
			sourceTree = "<group>";
		};
		99C89FCA1E604713006D4398 = {
			isa = PBXGroup;
			children = (
				99285FAD1EA0C56C0020DF90 /* Podfile */,
				99C89FD51E604713006D4398 /* Count! */,
				99C89FD41E604713006D4398 /* Products */,
				7F8E0E4431D92CE9B895BDAF /* Pods */,
				87EF0D3831766B1F736B987D /* Frameworks */,
			);
			sourceTree = "<group>";
		};
		99C89FD41E604713006D4398 /* Products */ = {
			isa = PBXGroup;
			children = (
				99C89FD31E604713006D4398 /* Count!.app */,
			);
			name = Products;
			sourceTree = "<group>";
		};
		99C89FD51E604713006D4398 /* Count! */ = {
			isa = PBXGroup;
			children = (
				9999312F1E7FDA21004D491F /* Images */,
				99D004181E6DB8B100AD9321 /* Extensions */,
				991EC53A1E6C84640011494B /* Controls */,
				99C2F19C1E6A40AF001A9946 /* Model */,
				99C2F19E1E6A40DD001A9946 /* View */,
				99C2F19D1E6A40C9001A9946 /* Controller */,
				99C89FD61E604713006D4398 /* AppDelegate.swift */,
				99C89FDC1E604713006D4398 /* Main.storyboard */,
				99C89FDF1E604713006D4398 /* Assets.xcassets */,
				99C89FE11E604713006D4398 /* LaunchScreen.storyboard */,
				99C89FE41E604713006D4398 /* Info.plist */,
				9999312D1E7FD768004D491F /* Localizable.strings */,
			);
			path = "Count!";
			sourceTree = "<group>";
		};
		99D004181E6DB8B100AD9321 /* Extensions */ = {
			isa = PBXGroup;
			children = (
				99D004191E6DB8BC00AD9321 /* UIColor.swift */,
			);
			name = Extensions;
			sourceTree = "<group>";
		};
/* End PBXGroup section */

/* Begin PBXNativeTarget section */
		99C89FD21E604713006D4398 /* Count! */ = {
			isa = PBXNativeTarget;
			buildConfigurationList = 99C89FE71E604713006D4398 /* Build configuration list for PBXNativeTarget "Count!" */;
			buildPhases = (
				0F83B78C9D37E63547F1C590 /* [CP] Check Pods Manifest.lock */,
				99C89FCF1E604713006D4398 /* Sources */,
				99C89FD01E604713006D4398 /* Frameworks */,
				99C89FD11E604713006D4398 /* Resources */,
				C2519294403540D07C7E5C36 /* [CP] Embed Pods Frameworks */,
				3BF32AD9D6C92DE5D0107BD5 /* [CP] Copy Pods Resources */,
			);
			buildRules = (
			);
			dependencies = (
			);
			name = "Count!";
			productName = "Count!";
			productReference = 99C89FD31E604713006D4398 /* Count!.app */;
			productType = "com.apple.product-type.application";
		};
/* End PBXNativeTarget section */

/* Begin PBXProject section */
		99C89FCB1E604713006D4398 /* Project object */ = {
			isa = PBXProject;
			attributes = {
				LastSwiftUpdateCheck = 0800;
				LastUpgradeCheck = 0820;
				TargetAttributes = {
					99C89FD21E604713006D4398 = {
						CreatedOnToolsVersion = 8.0;
						DevelopmentTeam = 3E54DVN8HL;
						ProvisioningStyle = Automatic;
					};
				};
			};
			buildConfigurationList = 99C89FCE1E604713006D4398 /* Build configuration list for PBXProject "Count!" */;
			compatibilityVersion = "Xcode 3.2";
			developmentRegion = English;
			hasScannedForEncodings = 0;
			knownRegions = (
				en,
				Base,
				de,
			);
			mainGroup = 99C89FCA1E604713006D4398;
			productRefGroup = 99C89FD41E604713006D4398 /* Products */;
			projectDirPath = "";
			projectRoot = "";
			targets = (
				99C89FD21E604713006D4398 /* Count! */,
			);
		};
/* End PBXProject section */

/* Begin PBXResourcesBuildPhase section */
		99C89FD11E604713006D4398 /* Resources */ = {
			isa = PBXResourcesBuildPhase;
			buildActionMask = 2147483647;
			files = (
				999931401E7FDAF6004D491F /* intro.png in Resources */,
				999931441E7FDAFB004D491F /* intro-1.png in Resources */,
				99285FAE1EA0C56C0020DF90 /* Podfile in Resources */,
				99C89FE31E604713006D4398 /* LaunchScreen.storyboard in Resources */,
				9999312B1E7FD768004D491F /* Localizable.strings in Resources */,
				99C89FE01E604713006D4398 /* Assets.xcassets in Resources */,
				9999313C1E7FDAF0004D491F /* intro-alt.png in Resources */,
				99C89FDE1E604713006D4398 /* Main.storyboard in Resources */,
			);
			runOnlyForDeploymentPostprocessing = 0;
		};
/* End PBXResourcesBuildPhase section */

/* Begin PBXShellScriptBuildPhase section */
		0F83B78C9D37E63547F1C590 /* [CP] Check Pods Manifest.lock */ = {
			isa = PBXShellScriptBuildPhase;
			buildActionMask = 2147483647;
			files = (
			);
			inputPaths = (
			);
			name = "[CP] Check Pods Manifest.lock";
			outputPaths = (
			);
			runOnlyForDeploymentPostprocessing = 0;
			shellPath = /bin/sh;
			shellScript = "diff \"${PODS_ROOT}/../Podfile.lock\" \"${PODS_ROOT}/Manifest.lock\" > /dev/null\nif [ $? != 0 ] ; then\n    # print error to STDERR\n    echo \"error: The sandbox is not in sync with the Podfile.lock. Run 'pod install' or update your CocoaPods installation.\" >&2\n    exit 1\nfi\n";
			showEnvVarsInLog = 0;
		};
		3BF32AD9D6C92DE5D0107BD5 /* [CP] Copy Pods Resources */ = {
			isa = PBXShellScriptBuildPhase;
			buildActionMask = 2147483647;
			files = (
			);
			inputPaths = (
			);
			name = "[CP] Copy Pods Resources";
			outputPaths = (
			);
			runOnlyForDeploymentPostprocessing = 0;
			shellPath = /bin/sh;
			shellScript = "\"${SRCROOT}/Pods/Target Support Files/Pods-Count!/Pods-Count!-resources.sh\"\n";
			showEnvVarsInLog = 0;
		};
		C2519294403540D07C7E5C36 /* [CP] Embed Pods Frameworks */ = {
			isa = PBXShellScriptBuildPhase;
			buildActionMask = 2147483647;
			files = (
			);
			inputPaths = (
			);
			name = "[CP] Embed Pods Frameworks";
			outputPaths = (
			);
			runOnlyForDeploymentPostprocessing = 0;
			shellPath = /bin/sh;
			shellScript = "\"${SRCROOT}/Pods/Target Support Files/Pods-Count!/Pods-Count!-frameworks.sh\"\n";
			showEnvVarsInLog = 0;
		};
/* End PBXShellScriptBuildPhase section */

/* Begin PBXSourcesBuildPhase section */
		99C89FCF1E604713006D4398 /* Sources */ = {
			isa = PBXSourcesBuildPhase;
			buildActionMask = 2147483647;
			files = (
				99716C2B1E647D2F0016FEA6 /* EditViewController.swift in Sources */,
				99D0041A1E6DB8BC00AD9321 /* UIColor.swift in Sources */,
				99716C291E647B7F0016FEA6 /* Counter.swift in Sources */,
				99C2F19B1E6A3E4D001A9946 /* GradientView.swift in Sources */,
				99285FB01EA0CC260020DF90 /* Color.swift in Sources */,
				C2C6BCF41E69BA18005C4AB3 /* Gradient.swift in Sources */,
				C2C6BCF61E69BAB4005C4AB3 /* ColorPickerTableViewController.swift in Sources */,
				99CE2C341E65F12900723BDA /* CounterTableViewCell.swift in Sources */,
				C2C6BCF81E69BEAA005C4AB3 /* ColorTableViewCell.swift in Sources */,
				99C89FDB1E604713006D4398 /* DetailViewController.swift in Sources */,
				995059921EA14385005C166A /* CounterList.swift in Sources */,
				99C89FD91E604713006D4398 /* MasterViewController.swift in Sources */,
				99C89FD71E604713006D4398 /* AppDelegate.swift in Sources */,
				991EC53C1E6C85440011494B /* CounterButton.swift in Sources */,
			);
			runOnlyForDeploymentPostprocessing = 0;
		};
/* End PBXSourcesBuildPhase section */

/* Begin PBXVariantGroup section */
		9999312D1E7FD768004D491F /* Localizable.strings */ = {
			isa = PBXVariantGroup;
			children = (
				9999312C1E7FD768004D491F /* de */,
				9999312E1E7FD770004D491F /* Base */,
			);
			name = Localizable.strings;
			path = ..;
			sourceTree = "<group>";
		};
		9999313E1E7FDAF0004D491F /* intro-alt.png */ = {
			isa = PBXVariantGroup;
			children = (
				9999313D1E7FDAF0004D491F /* de */,
				9999313F1E7FDAF2004D491F /* Base */,
			);
			name = "intro-alt.png";
			sourceTree = "<group>";
		};
		999931421E7FDAF6004D491F /* intro.png */ = {
			isa = PBXVariantGroup;
			children = (
				999931411E7FDAF6004D491F /* Base */,
				999931431E7FDAF8004D491F /* de */,
			);
			name = intro.png;
			sourceTree = "<group>";
		};
		999931461E7FDAFB004D491F /* intro-1.png */ = {
			isa = PBXVariantGroup;
			children = (
				999931451E7FDAFB004D491F /* Base */,
				999931471E7FDAFC004D491F /* de */,
			);
			name = "intro-1.png";
			sourceTree = "<group>";
		};
		99C89FDC1E604713006D4398 /* Main.storyboard */ = {
			isa = PBXVariantGroup;
			children = (
				99C89FDD1E604713006D4398 /* Base */,
				999931251E7FD2B8004D491F /* de */,
			);
			name = Main.storyboard;
			sourceTree = "<group>";
		};
		99C89FE11E604713006D4398 /* LaunchScreen.storyboard */ = {
			isa = PBXVariantGroup;
			children = (
				99C89FE21E604713006D4398 /* Base */,
				999931261E7FD2B8004D491F /* de */,
			);
			name = LaunchScreen.storyboard;
			sourceTree = "<group>";
		};
/* End PBXVariantGroup section */

/* Begin XCBuildConfiguration section */
		99C89FE51E604713006D4398 /* Debug */ = {
			isa = XCBuildConfiguration;
			buildSettings = {
				ALWAYS_SEARCH_USER_PATHS = NO;
				CLANG_ANALYZER_LOCALIZABILITY_NONLOCALIZED = YES;
				CLANG_ANALYZER_NONNULL = YES;
				CLANG_CXX_LANGUAGE_STANDARD = "gnu++0x";
				CLANG_CXX_LIBRARY = "libc++";
				CLANG_ENABLE_MODULES = YES;
				CLANG_ENABLE_OBJC_ARC = YES;
				CLANG_WARN_BOOL_CONVERSION = YES;
				CLANG_WARN_CONSTANT_CONVERSION = YES;
				CLANG_WARN_DIRECT_OBJC_ISA_USAGE = YES_ERROR;
				CLANG_WARN_DOCUMENTATION_COMMENTS = YES;
				CLANG_WARN_EMPTY_BODY = YES;
				CLANG_WARN_ENUM_CONVERSION = YES;
				CLANG_WARN_INFINITE_RECURSION = YES;
				CLANG_WARN_INT_CONVERSION = YES;
				CLANG_WARN_OBJC_ROOT_CLASS = YES_ERROR;
				CLANG_WARN_SUSPICIOUS_MOVE = YES;
				CLANG_WARN_SUSPICIOUS_MOVES = YES;
				CLANG_WARN_UNREACHABLE_CODE = YES;
				CLANG_WARN__DUPLICATE_METHOD_MATCH = YES;
				"CODE_SIGN_IDENTITY[sdk=iphoneos*]" = "iPhone Developer";
				COPY_PHASE_STRIP = NO;
				DEBUG_INFORMATION_FORMAT = dwarf;
				ENABLE_STRICT_OBJC_MSGSEND = YES;
				ENABLE_TESTABILITY = YES;
				GCC_C_LANGUAGE_STANDARD = gnu99;
				GCC_DYNAMIC_NO_PIC = NO;
				GCC_NO_COMMON_BLOCKS = YES;
				GCC_OPTIMIZATION_LEVEL = 0;
				GCC_PREPROCESSOR_DEFINITIONS = (
					"DEBUG=1",
					"$(inherited)",
				);
				GCC_WARN_64_TO_32_BIT_CONVERSION = YES;
				GCC_WARN_ABOUT_RETURN_TYPE = YES_ERROR;
				GCC_WARN_UNDECLARED_SELECTOR = YES;
				GCC_WARN_UNINITIALIZED_AUTOS = YES_AGGRESSIVE;
				GCC_WARN_UNUSED_FUNCTION = YES;
				GCC_WARN_UNUSED_VARIABLE = YES;
				IPHONEOS_DEPLOYMENT_TARGET = 10.0;
				MTL_ENABLE_DEBUG_INFO = YES;
				ONLY_ACTIVE_ARCH = YES;
				SDKROOT = iphoneos;
				SWIFT_ACTIVE_COMPILATION_CONDITIONS = DEBUG;
				SWIFT_OPTIMIZATION_LEVEL = "-Onone";
			};
			name = Debug;
		};
		99C89FE61E604713006D4398 /* Release */ = {
			isa = XCBuildConfiguration;
			buildSettings = {
				ALWAYS_SEARCH_USER_PATHS = NO;
				CLANG_ANALYZER_LOCALIZABILITY_NONLOCALIZED = YES;
				CLANG_ANALYZER_NONNULL = YES;
				CLANG_CXX_LANGUAGE_STANDARD = "gnu++0x";
				CLANG_CXX_LIBRARY = "libc++";
				CLANG_ENABLE_MODULES = YES;
				CLANG_ENABLE_OBJC_ARC = YES;
				CLANG_WARN_BOOL_CONVERSION = YES;
				CLANG_WARN_CONSTANT_CONVERSION = YES;
				CLANG_WARN_DIRECT_OBJC_ISA_USAGE = YES_ERROR;
				CLANG_WARN_DOCUMENTATION_COMMENTS = YES;
				CLANG_WARN_EMPTY_BODY = YES;
				CLANG_WARN_ENUM_CONVERSION = YES;
				CLANG_WARN_INFINITE_RECURSION = YES;
				CLANG_WARN_INT_CONVERSION = YES;
				CLANG_WARN_OBJC_ROOT_CLASS = YES_ERROR;
				CLANG_WARN_SUSPICIOUS_MOVE = YES;
				CLANG_WARN_SUSPICIOUS_MOVES = YES;
				CLANG_WARN_UNREACHABLE_CODE = YES;
				CLANG_WARN__DUPLICATE_METHOD_MATCH = YES;
				"CODE_SIGN_IDENTITY[sdk=iphoneos*]" = "iPhone Developer";
				COPY_PHASE_STRIP = NO;
				DEBUG_INFORMATION_FORMAT = "dwarf-with-dsym";
				ENABLE_NS_ASSERTIONS = NO;
				ENABLE_STRICT_OBJC_MSGSEND = YES;
				GCC_C_LANGUAGE_STANDARD = gnu99;
				GCC_NO_COMMON_BLOCKS = YES;
				GCC_WARN_64_TO_32_BIT_CONVERSION = YES;
				GCC_WARN_ABOUT_RETURN_TYPE = YES_ERROR;
				GCC_WARN_UNDECLARED_SELECTOR = YES;
				GCC_WARN_UNINITIALIZED_AUTOS = YES_AGGRESSIVE;
				GCC_WARN_UNUSED_FUNCTION = YES;
				GCC_WARN_UNUSED_VARIABLE = YES;
				IPHONEOS_DEPLOYMENT_TARGET = 10.0;
				MTL_ENABLE_DEBUG_INFO = NO;
				SDKROOT = iphoneos;
				SWIFT_OPTIMIZATION_LEVEL = "-Owholemodule";
				VALIDATE_PRODUCT = YES;
			};
			name = Release;
		};
		99C89FE81E604713006D4398 /* Debug */ = {
			isa = XCBuildConfiguration;
			baseConfigurationReference = 30E13D8819DA0ECFA2AAB8F2 /* Pods-Count!.debug.xcconfig */;
			buildSettings = {
				ASSETCATALOG_COMPILER_APPICON_NAME = AppIcon;
				DEVELOPMENT_TEAM = 3E54DVN8HL;
				INFOPLIST_FILE = "Count!/Info.plist";
				LD_RUNPATH_SEARCH_PATHS = "$(inherited) @executable_path/Frameworks";
				PRODUCT_BUNDLE_IDENTIFIER = "me.sacha.Count-";
				PRODUCT_NAME = "$(TARGET_NAME)";
				SWIFT_VERSION = 3.0;
			};
			name = Debug;
		};
		99C89FE91E604713006D4398 /* Release */ = {
			isa = XCBuildConfiguration;
			baseConfigurationReference = 9FAE013A3D7ECC59FA64F89E /* Pods-Count!.release.xcconfig */;
			buildSettings = {
				ASSETCATALOG_COMPILER_APPICON_NAME = AppIcon;
				DEVELOPMENT_TEAM = 3E54DVN8HL;
				INFOPLIST_FILE = "Count!/Info.plist";
				LD_RUNPATH_SEARCH_PATHS = "$(inherited) @executable_path/Frameworks";
				PRODUCT_BUNDLE_IDENTIFIER = "me.sacha.Count-";
				PRODUCT_NAME = "$(TARGET_NAME)";
				SWIFT_VERSION = 3.0;
			};
			name = Release;
		};
/* End XCBuildConfiguration section */

/* Begin XCConfigurationList section */
		99C89FCE1E604713006D4398 /* Build configuration list for PBXProject "Count!" */ = {
			isa = XCConfigurationList;
			buildConfigurations = (
				99C89FE51E604713006D4398 /* Debug */,
				99C89FE61E604713006D4398 /* Release */,
			);
			defaultConfigurationIsVisible = 0;
			defaultConfigurationName = Release;
		};
		99C89FE71E604713006D4398 /* Build configuration list for PBXNativeTarget "Count!" */ = {
			isa = XCConfigurationList;
			buildConfigurations = (
				99C89FE81E604713006D4398 /* Debug */,
				99C89FE91E604713006D4398 /* Release */,
			);
			defaultConfigurationIsVisible = 0;
			defaultConfigurationName = Release;
		};
/* End XCConfigurationList section */
	};
	rootObject = 99C89FCB1E604713006D4398 /* Project object */;
}
